
Microsoft Visual Studio Solution File, Format Version 12.00
# Visual Studio Version 17
VisualStudioVersion = 17.14.36414.22
MinimumVisualStudioVersion = 10.0.40219.1
Project("{2150E333-8FDC-42A3-9474-1A3956D46DE8}") = "Services", "Services", "{02EA681E-C7D8-13C7-8484-4AC65E1B71E8}"
EndProject
Project("{2150E333-8FDC-42A3-9474-1A3956D46DE8}") = "Catalog", "Catalog", "{F15CD9FD-18D1-4AC2-B7E2-343CE8AFF095}"
EndProject
Project("{FAE04EC0-301F-11D3-BF4B-00C04F79EFBC}") = "Catelog.API", "Services\Catalog\Catelog.API\Catelog.API.csproj", "{8288DB67-A84D-455E-8BEA-0C7D4D6C6939}"
EndProject
Project("{2150E333-8FDC-42A3-9474-1A3956D46DE8}") = "BuildingBlocks", "BuildingBlocks", "{6E155DF4-A9E2-4681-B7C2-2B454F779B79}"
EndProject
Project("{FAE04EC0-301F-11D3-BF4B-00C04F79EFBC}") = "BuildingBlocks", "BuildingBlocks\BuildingBlocks\BuildingBlocks.csproj", "{0424EF50-B6C3-4101-94C5-F7CF5E387CDD}"
EndProject
Project("{FAE04EC0-301F-11D3-BF4B-00C04F79EFBC}") = "WebApplication1", "WebApplication1\WebApplication1.csproj", "{5085B6CD-6CFD-4948-8A23-095567251604}"
EndProject
Project("{E53339B2-1760-4266-BCC7-CA923CBCF16C}") = "docker-compose", "docker-compose.dcproj", "{81DDED9D-158B-E303-5F62-77A2896D2A5A}"
EndProject
Project("{2150E333-8FDC-42A3-9474-1A3956D46DE8}") = "Basket", "Basket", "{90132D86-3252-4FF7-8047-38BA5EB989EE}"
EndProject
Project("{FAE04EC0-301F-11D3-BF4B-00C04F79EFBC}") = "Basket.API", "Services\Basket\Basket.API\Basket.API.csproj", "{553E2A42-C8B0-4B3E-A9E4-7B6A4441396E}"
EndProject
Project("{2150E333-8FDC-42A3-9474-1A3956D46DE8}") = "Discount", "Discount", "{DF5DF309-E8F9-4BB7-9B53-786472815A36}"
EndProject
Project("{FAE04EC0-301F-11D3-BF4B-00C04F79EFBC}") = "Discount.Grpc", "Services\Discount\Discount.Grpc\Discount.Grpc.csproj", "{AE06E03A-E820-4566-9F11-C55ED717BED1}"
EndProject
Project("{2150E333-8FDC-42A3-9474-1A3956D46DE8}") = "Ordering", "Ordering", "{BD15A81C-1D75-41A5-9ED6-8A7F22CE8998}"
EndProject
Project("{FAE04EC0-301F-11D3-BF4B-00C04F79EFBC}") = "Ordering.Api", "Services\Ordering\Ordering.Api\Ordering.Api.csproj", "{D0F77365-8A29-4520-A0A7-85E4E99F1942}"
EndProject
Project("{FAE04EC0-301F-11D3-BF4B-00C04F79EFBC}") = "Ordering.Domain", "Services\Ordering\Ordering.Domain\Ordering.Domain.csproj", "{2D7FEC62-1A6B-4E34-B47E-17D8ADD01459}"
EndProject
Project("{FAE04EC0-301F-11D3-BF4B-00C04F79EFBC}") = "Ordering.Application", "Services\Ordering\Ordering.Application\Ordering.Application.csproj", "{0E041481-4051-4ACE-860E-C39DBA9F787E}"
EndProject
Project("{FAE04EC0-301F-11D3-BF4B-00C04F79EFBC}") = "Ordering.Infrastructure", "Services\Ordering\Ordering.Infrastructure\Ordering.Infrastructure.csproj", "{D1652E46-4357-4D00-85FA-B4012D3A3F52}"
EndProject
Project("{FAE04EC0-301F-11D3-BF4B-00C04F79EFBC}") = "BuildingBlocks.Messaging", "BuildingBlocks\BuildingBlocks.Messaging\BuildingBlocks.Messaging.csproj", "{EC28784E-3DAE-4214-BAB2-97377DE666C0}"
EndProject
Project("{2150E333-8FDC-42A3-9474-1A3956D46DE8}") = "YarpPApiGateWay", "YarpPApiGateWay", "{F0C383AF-CD83-45C8-84F3-3C02752C3E57}"
EndProject
Project("{FAE04EC0-301F-11D3-BF4B-00C04F79EFBC}") = "YarpPApiGateWay", "ApiGateways\YarpPApiGateWay\YarpPApiGateWay.csproj", "{04A16D8C-D7DB-4046-809A-BA59080C4DCB}"
EndProject
Project("{2150E333-8FDC-42A3-9474-1A3956D46DE8}") = "WebApps", "WebApps", "{FEDD62AF-5D22-4F6D-92B7-B70AC002C477}"
EndProject
Project("{FAE04EC0-301F-11D3-BF4B-00C04F79EFBC}") = "Shopping.Web", "WebApps\Shopping.Web\Shopping.Web.csproj", "{750CD47E-C8B1-4891-8CF8-7BD8CE3CE2A3}"
EndProject
Global
	GlobalSection(SolutionConfigurationPlatforms) = preSolution
		Debug|Any CPU = Debug|Any CPU
		Release|Any CPU = Release|Any CPU
	EndGlobalSection
	GlobalSection(ProjectConfigurationPlatforms) = postSolution
		{8288DB67-A84D-455E-8BEA-0C7D4D6C6939}.Debug|Any CPU.ActiveCfg = Debug|Any CPU
		{8288DB67-A84D-455E-8BEA-0C7D4D6C6939}.Debug|Any CPU.Build.0 = Debug|Any CPU
		{8288DB67-A84D-455E-8BEA-0C7D4D6C6939}.Release|Any CPU.ActiveCfg = Release|Any CPU
		{8288DB67-A84D-455E-8BEA-0C7D4D6C6939}.Release|Any CPU.Build.0 = Release|Any CPU
		{0424EF50-B6C3-4101-94C5-F7CF5E387CDD}.Debug|Any CPU.ActiveCfg = Debug|Any CPU
		{0424EF50-B6C3-4101-94C5-F7CF5E387CDD}.Debug|Any CPU.Build.0 = Debug|Any CPU
		{0424EF50-B6C3-4101-94C5-F7CF5E387CDD}.Release|Any CPU.ActiveCfg = Release|Any CPU
		{0424EF50-B6C3-4101-94C5-F7CF5E387CDD}.Release|Any CPU.Build.0 = Release|Any CPU
		{5085B6CD-6CFD-4948-8A23-095567251604}.Debug|Any CPU.ActiveCfg = Debug|Any CPU
		{5085B6CD-6CFD-4948-8A23-095567251604}.Debug|Any CPU.Build.0 = Debug|Any CPU
		{5085B6CD-6CFD-4948-8A23-095567251604}.Release|Any CPU.ActiveCfg = Release|Any CPU
		{5085B6CD-6CFD-4948-8A23-095567251604}.Release|Any CPU.Build.0 = Release|Any CPU
		{81DDED9D-158B-E303-5F62-77A2896D2A5A}.Debug|Any CPU.ActiveCfg = Debug|Any CPU
		{81DDED9D-158B-E303-5F62-77A2896D2A5A}.Debug|Any CPU.Build.0 = Debug|Any CPU
		{81DDED9D-158B-E303-5F62-77A2896D2A5A}.Release|Any CPU.ActiveCfg = Release|Any CPU
		{81DDED9D-158B-E303-5F62-77A2896D2A5A}.Release|Any CPU.Build.0 = Release|Any CPU
		{553E2A42-C8B0-4B3E-A9E4-7B6A4441396E}.Debug|Any CPU.ActiveCfg = Debug|Any CPU
		{553E2A42-C8B0-4B3E-A9E4-7B6A4441396E}.Debug|Any CPU.Build.0 = Debug|Any CPU
		{553E2A42-C8B0-4B3E-A9E4-7B6A4441396E}.Release|Any CPU.ActiveCfg = Release|Any CPU
		{553E2A42-C8B0-4B3E-A9E4-7B6A4441396E}.Release|Any CPU.Build.0 = Release|Any CPU
		{AE06E03A-E820-4566-9F11-C55ED717BED1}.Debug|Any CPU.ActiveCfg = Debug|Any CPU
		{AE06E03A-E820-4566-9F11-C55ED717BED1}.Debug|Any CPU.Build.0 = Debug|Any CPU
		{AE06E03A-E820-4566-9F11-C55ED717BED1}.Release|Any CPU.ActiveCfg = Release|Any CPU
		{AE06E03A-E820-4566-9F11-C55ED717BED1}.Release|Any CPU.Build.0 = Release|Any CPU
		{D0F77365-8A29-4520-A0A7-85E4E99F1942}.Debug|Any CPU.ActiveCfg = Debug|Any CPU
		{D0F77365-8A29-4520-A0A7-85E4E99F1942}.Debug|Any CPU.Build.0 = Debug|Any CPU
		{D0F77365-8A29-4520-A0A7-85E4E99F1942}.Release|Any CPU.ActiveCfg = Release|Any CPU
		{D0F77365-8A29-4520-A0A7-85E4E99F1942}.Release|Any CPU.Build.0 = Release|Any CPU
		{2D7FEC62-1A6B-4E34-B47E-17D8ADD01459}.Debug|Any CPU.ActiveCfg = Debug|Any CPU
		{2D7FEC62-1A6B-4E34-B47E-17D8ADD01459}.Debug|Any CPU.Build.0 = Debug|Any CPU
		{2D7FEC62-1A6B-4E34-B47E-17D8ADD01459}.Release|Any CPU.ActiveCfg = Release|Any CPU
		{2D7FEC62-1A6B-4E34-B47E-17D8ADD01459}.Release|Any CPU.Build.0 = Release|Any CPU
		{0E041481-4051-4ACE-860E-C39DBA9F787E}.Debug|Any CPU.ActiveCfg = Debug|Any CPU
		{0E041481-4051-4ACE-860E-C39DBA9F787E}.Debug|Any CPU.Build.0 = Debug|Any CPU
		{0E041481-4051-4ACE-860E-C39DBA9F787E}.Release|Any CPU.ActiveCfg = Release|Any CPU
		{0E041481-4051-4ACE-860E-C39DBA9F787E}.Release|Any CPU.Build.0 = Release|Any CPU
		{D1652E46-4357-4D00-85FA-B4012D3A3F52}.Debug|Any CPU.ActiveCfg = Debug|Any CPU
		{D1652E46-4357-4D00-85FA-B4012D3A3F52}.Debug|Any CPU.Build.0 = Debug|Any CPU
		{D1652E46-4357-4D00-85FA-B4012D3A3F52}.Release|Any CPU.ActiveCfg = Release|Any CPU
		{D1652E46-4357-4D00-85FA-B4012D3A3F52}.Release|Any CPU.Build.0 = Release|Any CPU
		{EC28784E-3DAE-4214-BAB2-97377DE666C0}.Debug|Any CPU.ActiveCfg = Debug|Any CPU
		{EC28784E-3DAE-4214-BAB2-97377DE666C0}.Debug|Any CPU.Build.0 = Debug|Any CPU
		{EC28784E-3DAE-4214-BAB2-97377DE666C0}.Release|Any CPU.ActiveCfg = Release|Any CPU
		{EC28784E-3DAE-4214-BAB2-97377DE666C0}.Release|Any CPU.Build.0 = Release|Any CPU
		{04A16D8C-D7DB-4046-809A-BA59080C4DCB}.Debug|Any CPU.ActiveCfg = Debug|Any CPU
		{04A16D8C-D7DB-4046-809A-BA59080C4DCB}.Debug|Any CPU.Build.0 = Debug|Any CPU
		{04A16D8C-D7DB-4046-809A-BA59080C4DCB}.Release|Any CPU.ActiveCfg = Release|Any CPU
		{04A16D8C-D7DB-4046-809A-BA59080C4DCB}.Release|Any CPU.Build.0 = Release|Any CPU
		{750CD47E-C8B1-4891-8CF8-7BD8CE3CE2A3}.Debug|Any CPU.ActiveCfg = Debug|Any CPU
		{750CD47E-C8B1-4891-8CF8-7BD8CE3CE2A3}.Debug|Any CPU.Build.0 = Debug|Any CPU
		{750CD47E-C8B1-4891-8CF8-7BD8CE3CE2A3}.Release|Any CPU.ActiveCfg = Release|Any CPU
		{750CD47E-C8B1-4891-8CF8-7BD8CE3CE2A3}.Release|Any CPU.Build.0 = Release|Any CPU
	EndGlobalSection
	GlobalSection(SolutionProperties) = preSolution
		HideSolutionNode = FALSE
	EndGlobalSection
	GlobalSection(NestedProjects) = preSolution
		{F15CD9FD-18D1-4AC2-B7E2-343CE8AFF095} = {02EA681E-C7D8-13C7-8484-4AC65E1B71E8}
		{8288DB67-A84D-455E-8BEA-0C7D4D6C6939} = {F15CD9FD-18D1-4AC2-B7E2-343CE8AFF095}
		{0424EF50-B6C3-4101-94C5-F7CF5E387CDD} = {6E155DF4-A9E2-4681-B7C2-2B454F779B79}
		{5085B6CD-6CFD-4948-8A23-095567251604} = {F15CD9FD-18D1-4AC2-B7E2-343CE8AFF095}
		{90132D86-3252-4FF7-8047-38BA5EB989EE} = {02EA681E-C7D8-13C7-8484-4AC65E1B71E8}
		{553E2A42-C8B0-4B3E-A9E4-7B6A4441396E} = {90132D86-3252-4FF7-8047-38BA5EB989EE}
		{DF5DF309-E8F9-4BB7-9B53-786472815A36} = {02EA681E-C7D8-13C7-8484-4AC65E1B71E8}
		{AE06E03A-E820-4566-9F11-C55ED717BED1} = {DF5DF309-E8F9-4BB7-9B53-786472815A36}
		{BD15A81C-1D75-41A5-9ED6-8A7F22CE8998} = {02EA681E-C7D8-13C7-8484-4AC65E1B71E8}
		{D0F77365-8A29-4520-A0A7-85E4E99F1942} = {BD15A81C-1D75-41A5-9ED6-8A7F22CE8998}
		{2D7FEC62-1A6B-4E34-B47E-17D8ADD01459} = {BD15A81C-1D75-41A5-9ED6-8A7F22CE8998}
		{0E041481-4051-4ACE-860E-C39DBA9F787E} = {BD15A81C-1D75-41A5-9ED6-8A7F22CE8998}
		{D1652E46-4357-4D00-85FA-B4012D3A3F52} = {BD15A81C-1D75-41A5-9ED6-8A7F22CE8998}
		{EC28784E-3DAE-4214-BAB2-97377DE666C0} = {6E155DF4-A9E2-4681-B7C2-2B454F779B79}
		{04A16D8C-D7DB-4046-809A-BA59080C4DCB} = {F0C383AF-CD83-45C8-84F3-3C02752C3E57}
		{750CD47E-C8B1-4891-8CF8-7BD8CE3CE2A3} = {FEDD62AF-5D22-4F6D-92B7-B70AC002C477}
	EndGlobalSection
	GlobalSection(ExtensibilityGlobals) = postSolution
		SolutionGuid = {BCA6E754-4880-4FF3-897C-61D554EA5E2F}
	EndGlobalSection
EndGlobal
